
Microsoft Visual Studio Solution File, Format Version 12.00
# Visual Studio Version 17
VisualStudioVersion = 17.10.35201.131
MinimumVisualStudioVersion = 10.0.40219.1
Project("{FAE04EC0-301F-11D3-BF4B-00C04F79EFBC}") = "CalabrioRetentionListener", "CalabrioRetentionListener\CalabrioRetentionListener.csproj", "{5804148F-C965-4382-8F5E-24461B8689AF}"
EndProject
Global
	GlobalSection(SolutionConfigurationPlatforms) = preSolution
		Debug|Any CPU = Debug|Any CPU
		Release|Any CPU = Release|Any CPU
	EndGlobalSection
	GlobalSection(ProjectConfigurationPlatforms) = postSolution
		{5804148F-C965-4382-8F5E-24461B8689AF}.Debug|Any CPU.ActiveCfg = Debug|Any CPU
		{5804148F-C965-4382-8F5E-24461B8689AF}.Debug|Any CPU.Build.0 = Debug|Any CPU
		{5804148F-C965-4382-8F5E-24461B8689AF}.Release|Any CPU.ActiveCfg = Release|Any CPU
		{5804148F-C965-4382-8F5E-24461B8689AF}.Release|Any CPU.Build.0 = Release|Any CPU
	EndGlobalSection
	GlobalSection(SolutionProperties) = preSolution
		HideSolutionNode = FALSE
	EndGlobalSection
	GlobalSection(ExtensibilityGlobals) = postSolution
		SolutionGuid = {FF75AB81-45DA-4454-AE2B-D9D6EC0B2B5B}
	EndGlobalSection
EndGlobal
